
Microsoft Visual Studio Solution File, Format Version 12.00
# Visual Studio Version 17
VisualStudioVersion = 17.10.35013.160
MinimumVisualStudioVersion = 10.0.40219.1
Project("{FAE04EC0-301F-11D3-BF4B-00C04F79EFBC}") = "MvcMovie", "MvcMovie.csproj", "{4C689FA2-23AB-493B-983E-9A5D9471825B}"
EndProject
Global
	GlobalSection(SolutionConfigurationPlatforms) = preSolution
		Debug|Any CPU = Debug|Any CPU
		Release|Any CPU = Release|Any CPU
	EndGlobalSection
	GlobalSection(ProjectConfigurationPlatforms) = postSolution
		{4C689FA2-23AB-493B-983E-9A5D9471825B}.Debug|Any CPU.ActiveCfg = Debug|Any CPU
		{4C689FA2-23AB-493B-983E-9A5D9471825B}.Debug|Any CPU.Build.0 = Debug|Any CPU
		{4C689FA2-23AB-493B-983E-9A5D9471825B}.Release|Any CPU.ActiveCfg = Release|Any CPU
		{4C689FA2-23AB-493B-983E-9A5D9471825B}.Release|Any CPU.Build.0 = Release|Any CPU
	EndGlobalSection
	GlobalSection(SolutionProperties) = preSolution
		HideSolutionNode = FALSE
	EndGlobalSection
	GlobalSection(ExtensibilityGlobals) = postSolution
		SolutionGuid = {8B4A1B87-1109-4D23-914C-62AC9D8243BB}
	EndGlobalSection
EndGlobal
